
Microsoft Visual Studio Solution File, Format Version 12.00
# Visual Studio Version 17
VisualStudioVersion = 17.0.31903.59
MinimumVisualStudioVersion = 10.0.40219.1
Project("{FAE04EC0-301F-11D3-BF4B-00C04F79EFBC}") = "server", "Server\server.csproj", "{9CE61463-7B50-47D0-9D05-3B94F26F3169}"
EndProject
Global
	GlobalSection(SolutionConfigurationPlatforms) = preSolution
		Debug|Any CPU = Debug|Any CPU
		Release|Any CPU = Release|Any CPU
	EndGlobalSection
	GlobalSection(SolutionProperties) = preSolution
		HideSolutionNode = FALSE
	EndGlobalSection
	GlobalSection(ProjectConfigurationPlatforms) = postSolution
		{9CE61463-7B50-47D0-9D05-3B94F26F3169}.Debug|Any CPU.ActiveCfg = Debug|Any CPU
		{9CE61463-7B50-47D0-9D05-3B94F26F3169}.Debug|Any CPU.Build.0 = Debug|Any CPU
		{9CE61463-7B50-47D0-9D05-3B94F26F3169}.Release|Any CPU.ActiveCfg = Release|Any CPU
		{9CE61463-7B50-47D0-9D05-3B94F26F3169}.Release|Any CPU.Build.0 = Release|Any CPU
	EndGlobalSection
EndGlobal
